
Microsoft Visual Studio Solution File, Format Version 12.00
# Visual Studio Version 16
VisualStudioVersion = 16.0.31702.278
MinimumVisualStudioVersion = 10.0.40219.1
Project("{FAE04EC0-301F-11D3-BF4B-00C04F79EFBC}") = "Demo_TPL", "Demo_TPL.csproj", "{28B2AC86-59B4-4496-AB57-9C80D0A8BE76}"
EndProject
Global
	GlobalSection(SolutionConfigurationPlatforms) = preSolution
		Debug|Any CPU = Debug|Any CPU
		Release|Any CPU = Release|Any CPU
	EndGlobalSection
	GlobalSection(ProjectConfigurationPlatforms) = postSolution
		{28B2AC86-59B4-4496-AB57-9C80D0A8BE76}.Debug|Any CPU.ActiveCfg = Debug|Any CPU
		{28B2AC86-59B4-4496-AB57-9C80D0A8BE76}.Debug|Any CPU.Build.0 = Debug|Any CPU
		{28B2AC86-59B4-4496-AB57-9C80D0A8BE76}.Release|Any CPU.ActiveCfg = Release|Any CPU
		{28B2AC86-59B4-4496-AB57-9C80D0A8BE76}.Release|Any CPU.Build.0 = Release|Any CPU
	EndGlobalSection
	GlobalSection(SolutionProperties) = preSolution
		HideSolutionNode = FALSE
	EndGlobalSection
	GlobalSection(ExtensibilityGlobals) = postSolution
		SolutionGuid = {B328A04D-8F93-48A3-AE51-79EA816DE0EA}
	EndGlobalSection
EndGlobal
